// !$*UTF8*$!
{
	archiveVersion = 1;
	classes = {
	};
	objectVersion = 46;
	objects = {

/* Begin PBXBuildFile section */
		68DE217A1F0E88F900ACC53E /* GoogleService-Info.plist in Resources */ = {isa = PBXBuildFile; fileRef = 68DE21791F0E88F900ACC53E /* GoogleService-Info.plist */; };
		68DE217C1F0E8C6700ACC53E /* Constants.swift in Sources */ = {isa = PBXBuildFile; fileRef = 68DE217B1F0E8C6700ACC53E /* Constants.swift */; };
		68DE217E1F0EBAC700ACC53E /* GasStation.swift in Sources */ = {isa = PBXBuildFile; fileRef = 68DE217D1F0EBAC700ACC53E /* GasStation.swift */; };
		6BE519FA7A30E5FC54770B6C /* Pods_Gasol_EZ.framework in Frameworks */ = {isa = PBXBuildFile; fileRef = F286D0AD79BE8F644A7165D9 /* Pods_Gasol_EZ.framework */; };
		FE1CF9741F0D2E87004EB3EA /* AppDelegate.swift in Sources */ = {isa = PBXBuildFile; fileRef = FE1CF9731F0D2E87004EB3EA /* AppDelegate.swift */; };
		FE1CF9791F0D2E87004EB3EA /* Main.storyboard in Resources */ = {isa = PBXBuildFile; fileRef = FE1CF9771F0D2E87004EB3EA /* Main.storyboard */; };
		FE1CF97B1F0D2E87004EB3EA /* Assets.xcassets in Resources */ = {isa = PBXBuildFile; fileRef = FE1CF97A1F0D2E87004EB3EA /* Assets.xcassets */; };
		FE1CF97E1F0D2E87004EB3EA /* LaunchScreen.storyboard in Resources */ = {isa = PBXBuildFile; fileRef = FE1CF97C1F0D2E87004EB3EA /* LaunchScreen.storyboard */; };
		FE1CF98E1F0D4DCD004EB3EA /* MainViewController.swift in Sources */ = {isa = PBXBuildFile; fileRef = FE1CF98D1F0D4DCD004EB3EA /* MainViewController.swift */; };
/* End PBXBuildFile section */

/* Begin PBXFileReference section */
		4702086DCEFC0556179DE784 /* Pods-Gasol-EZ.debug.xcconfig */ = {isa = PBXFileReference; includeInIndex = 1; lastKnownFileType = text.xcconfig; name = "Pods-Gasol-EZ.debug.xcconfig"; path = "Pods/Target Support Files/Pods-Gasol-EZ/Pods-Gasol-EZ.debug.xcconfig"; sourceTree = "<group>"; };
		68DE21791F0E88F900ACC53E /* GoogleService-Info.plist */ = {isa = PBXFileReference; fileEncoding = 4; lastKnownFileType = text.plist.xml; path = "GoogleService-Info.plist"; sourceTree = "<group>"; };
		68DE217B1F0E8C6700ACC53E /* Constants.swift */ = {isa = PBXFileReference; fileEncoding = 4; lastKnownFileType = sourcecode.swift; path = Constants.swift; sourceTree = "<group>"; };
		68DE217D1F0EBAC700ACC53E /* GasStation.swift */ = {isa = PBXFileReference; fileEncoding = 4; lastKnownFileType = sourcecode.swift; path = GasStation.swift; sourceTree = "<group>"; };
		89E7A00E806EB0FD37B5C554 /* Pods-Gasol-EZ.release.xcconfig */ = {isa = PBXFileReference; includeInIndex = 1; lastKnownFileType = text.xcconfig; name = "Pods-Gasol-EZ.release.xcconfig"; path = "Pods/Target Support Files/Pods-Gasol-EZ/Pods-Gasol-EZ.release.xcconfig"; sourceTree = "<group>"; };
		F286D0AD79BE8F644A7165D9 /* Pods_Gasol_EZ.framework */ = {isa = PBXFileReference; explicitFileType = wrapper.framework; includeInIndex = 0; path = Pods_Gasol_EZ.framework; sourceTree = BUILT_PRODUCTS_DIR; };
		FE1CF9701F0D2E87004EB3EA /* Gasol-EZ.app */ = {isa = PBXFileReference; explicitFileType = wrapper.application; includeInIndex = 0; path = "Gasol-EZ.app"; sourceTree = BUILT_PRODUCTS_DIR; };
		FE1CF9731F0D2E87004EB3EA /* AppDelegate.swift */ = {isa = PBXFileReference; lastKnownFileType = sourcecode.swift; path = AppDelegate.swift; sourceTree = "<group>"; };
		FE1CF9781F0D2E87004EB3EA /* Base */ = {isa = PBXFileReference; lastKnownFileType = file.storyboard; name = Base; path = Base.lproj/Main.storyboard; sourceTree = "<group>"; };
		FE1CF97A1F0D2E87004EB3EA /* Assets.xcassets */ = {isa = PBXFileReference; lastKnownFileType = folder.assetcatalog; path = Assets.xcassets; sourceTree = "<group>"; };
		FE1CF97D1F0D2E87004EB3EA /* Base */ = {isa = PBXFileReference; lastKnownFileType = file.storyboard; name = Base; path = Base.lproj/LaunchScreen.storyboard; sourceTree = "<group>"; };
		FE1CF97F1F0D2E87004EB3EA /* Info.plist */ = {isa = PBXFileReference; lastKnownFileType = text.plist.xml; path = Info.plist; sourceTree = "<group>"; };
		FE1CF98D1F0D4DCD004EB3EA /* MainViewController.swift */ = {isa = PBXFileReference; fileEncoding = 4; lastKnownFileType = sourcecode.swift; path = MainViewController.swift; sourceTree = "<group>"; };
/* End PBXFileReference section */

/* Begin PBXFrameworksBuildPhase section */
		FE1CF96D1F0D2E87004EB3EA /* Frameworks */ = {
			isa = PBXFrameworksBuildPhase;
			buildActionMask = 2147483647;
			files = (
				6BE519FA7A30E5FC54770B6C /* Pods_Gasol_EZ.framework in Frameworks */,
			);
			runOnlyForDeploymentPostprocessing = 0;
		};
/* End PBXFrameworksBuildPhase section */

/* Begin PBXGroup section */
		E18D1D2409C77985D88FB1E3 /* Pods */ = {
			isa = PBXGroup;
			children = (
				4702086DCEFC0556179DE784 /* Pods-Gasol-EZ.debug.xcconfig */,
				89E7A00E806EB0FD37B5C554 /* Pods-Gasol-EZ.release.xcconfig */,
			);
			name = Pods;
			sourceTree = "<group>";
		};
		FE1CF9671F0D2E87004EB3EA = {
			isa = PBXGroup;
			children = (
				FE1CF9721F0D2E87004EB3EA /* Gasol-EZ */,
				FE1CF9711F0D2E87004EB3EA /* Products */,
				FE1CF9851F0D2EF4004EB3EA /* Frameworks */,
				E18D1D2409C77985D88FB1E3 /* Pods */,
			);
			sourceTree = "<group>";
		};
		FE1CF9711F0D2E87004EB3EA /* Products */ = {
			isa = PBXGroup;
			children = (
				FE1CF9701F0D2E87004EB3EA /* Gasol-EZ.app */,
			);
			name = Products;
			sourceTree = "<group>";
		};
		FE1CF9721F0D2E87004EB3EA /* Gasol-EZ */ = {
			isa = PBXGroup;
			children = (
				FE1CF9731F0D2E87004EB3EA /* AppDelegate.swift */,
				FE1CF98C1F0D493C004EB3EA /* Supporting Files */,
				FE1CF98B1F0D4929004EB3EA /* View Controllers */,
				FE1CF98A1F0D4917004EB3EA /* Storyboards */,
				FE1CF97A1F0D2E87004EB3EA /* Assets.xcassets */,
			);
			path = "Gasol-EZ";
			sourceTree = "<group>";
		};
		FE1CF9851F0D2EF4004EB3EA /* Frameworks */ = {
			isa = PBXGroup;
			children = (
				F286D0AD79BE8F644A7165D9 /* Pods_Gasol_EZ.framework */,
			);
			name = Frameworks;
			sourceTree = "<group>";
		};
		FE1CF98A1F0D4917004EB3EA /* Storyboards */ = {
			isa = PBXGroup;
			children = (
				FE1CF9771F0D2E87004EB3EA /* Main.storyboard */,
			);
			name = Storyboards;
			sourceTree = "<group>";
		};
		FE1CF98B1F0D4929004EB3EA /* View Controllers */ = {
			isa = PBXGroup;
			children = (
				FE1CF98D1F0D4DCD004EB3EA /* MainViewController.swift */,
			);
			name = "View Controllers";
			sourceTree = "<group>";
		};
		FE1CF98C1F0D493C004EB3EA /* Supporting Files */ = {
			isa = PBXGroup;
			children = (
				FE1CF97C1F0D2E87004EB3EA /* LaunchScreen.storyboard */,
				FE1CF97F1F0D2E87004EB3EA /* Info.plist */,
				68DE21791F0E88F900ACC53E /* GoogleService-Info.plist */,
				68DE217B1F0E8C6700ACC53E /* Constants.swift */,
				68DE217D1F0EBAC700ACC53E /* GasStation.swift */,
			);
			name = "Supporting Files";
			sourceTree = "<group>";
		};
/* End PBXGroup section */

/* Begin PBXNativeTarget section */
		FE1CF96F1F0D2E87004EB3EA /* Gasol-EZ */ = {
			isa = PBXNativeTarget;
			buildConfigurationList = FE1CF9821F0D2E87004EB3EA /* Build configuration list for PBXNativeTarget "Gasol-EZ" */;
			buildPhases = (
				EC406E47DBC61BBDE51426AD /* [CP] Check Pods Manifest.lock */,
				FE1CF96C1F0D2E87004EB3EA /* Sources */,
				FE1CF96D1F0D2E87004EB3EA /* Frameworks */,
				FE1CF96E1F0D2E87004EB3EA /* Resources */,
				434A78E5BFB6DFB64E9AD9A4 /* [CP] Embed Pods Frameworks */,
				14DA952135C27B1AEC141F66 /* [CP] Copy Pods Resources */,
			);
			buildRules = (
			);
			dependencies = (
			);
			name = "Gasol-EZ";
			productName = "Gasol-EZ";
			productReference = FE1CF9701F0D2E87004EB3EA /* Gasol-EZ.app */;
			productType = "com.apple.product-type.application";
		};
/* End PBXNativeTarget section */

/* Begin PBXProject section */
		FE1CF9681F0D2E87004EB3EA /* Project object */ = {
			isa = PBXProject;
			attributes = {
				LastSwiftUpdateCheck = 0830;
				LastUpgradeCheck = 0830;
				ORGANIZATIONNAME = "Make School";
				TargetAttributes = {
					FE1CF96F1F0D2E87004EB3EA = {
						CreatedOnToolsVersion = 8.3.3;
						DevelopmentTeam = G2SFLJ6ER6;
						ProvisioningStyle = Automatic;
						SystemCapabilities = {
							com.apple.Maps.iOS = {
								enabled = 0;
							};
						};
					};
				};
			};
			buildConfigurationList = FE1CF96B1F0D2E87004EB3EA /* Build configuration list for PBXProject "Gasol-EZ" */;
			compatibilityVersion = "Xcode 3.2";
			developmentRegion = English;
			hasScannedForEncodings = 0;
			knownRegions = (
				en,
				Base,
			);
			mainGroup = FE1CF9671F0D2E87004EB3EA;
			productRefGroup = FE1CF9711F0D2E87004EB3EA /* Products */;
			projectDirPath = "";
			projectRoot = "";
			targets = (
				FE1CF96F1F0D2E87004EB3EA /* Gasol-EZ */,
			);
		};
/* End PBXProject section */

/* Begin PBXResourcesBuildPhase section */
		FE1CF96E1F0D2E87004EB3EA /* Resources */ = {
			isa = PBXResourcesBuildPhase;
			buildActionMask = 2147483647;
			files = (
				FE1CF97E1F0D2E87004EB3EA /* LaunchScreen.storyboard in Resources */,
				68DE217A1F0E88F900ACC53E /* GoogleService-Info.plist in Resources */,
				FE1CF97B1F0D2E87004EB3EA /* Assets.xcassets in Resources */,
				FE1CF9791F0D2E87004EB3EA /* Main.storyboard in Resources */,
			);
			runOnlyForDeploymentPostprocessing = 0;
		};
/* End PBXResourcesBuildPhase section */

/* Begin PBXShellScriptBuildPhase section */
		14DA952135C27B1AEC141F66 /* [CP] Copy Pods Resources */ = {
			isa = PBXShellScriptBuildPhase;
			buildActionMask = 2147483647;
			files = (
			);
			inputPaths = (
			);
			name = "[CP] Copy Pods Resources";
			outputPaths = (
			);
			runOnlyForDeploymentPostprocessing = 0;
			shellPath = /bin/sh;
			shellScript = "\"${SRCROOT}/Pods/Target Support Files/Pods-Gasol-EZ/Pods-Gasol-EZ-resources.sh\"\n";
			showEnvVarsInLog = 0;
		};
		434A78E5BFB6DFB64E9AD9A4 /* [CP] Embed Pods Frameworks */ = {
			isa = PBXShellScriptBuildPhase;
			buildActionMask = 2147483647;
			files = (
			);
			inputPaths = (
			);
			name = "[CP] Embed Pods Frameworks";
			outputPaths = (
			);
			runOnlyForDeploymentPostprocessing = 0;
			shellPath = /bin/sh;
			shellScript = "\"${SRCROOT}/Pods/Target Support Files/Pods-Gasol-EZ/Pods-Gasol-EZ-frameworks.sh\"\n";
			showEnvVarsInLog = 0;
		};
		EC406E47DBC61BBDE51426AD /* [CP] Check Pods Manifest.lock */ = {
			isa = PBXShellScriptBuildPhase;
			buildActionMask = 2147483647;
			files = (
			);
			inputPaths = (
			);
			name = "[CP] Check Pods Manifest.lock";
			outputPaths = (
			);
			runOnlyForDeploymentPostprocessing = 0;
			shellPath = /bin/sh;
			shellScript = "diff \"${PODS_ROOT}/../Podfile.lock\" \"${PODS_ROOT}/Manifest.lock\" > /dev/null\nif [ $? != 0 ] ; then\n    # print error to STDERR\n    echo \"error: The sandbox is not in sync with the Podfile.lock. Run 'pod install' or update your CocoaPods installation.\" >&2\n    exit 1\nfi\n";
			showEnvVarsInLog = 0;
		};
/* End PBXShellScriptBuildPhase section */

/* Begin PBXSourcesBuildPhase section */
		FE1CF96C1F0D2E87004EB3EA /* Sources */ = {
			isa = PBXSourcesBuildPhase;
			buildActionMask = 2147483647;
			files = (
				68DE217E1F0EBAC700ACC53E /* GasStation.swift in Sources */,
				68DE217C1F0E8C6700ACC53E /* Constants.swift in Sources */,
				FE1CF98E1F0D4DCD004EB3EA /* MainViewController.swift in Sources */,
				FE1CF9741F0D2E87004EB3EA /* AppDelegate.swift in Sources */,
			);
			runOnlyForDeploymentPostprocessing = 0;
		};
/* End PBXSourcesBuildPhase section */

/* Begin PBXVariantGroup section */
		FE1CF9771F0D2E87004EB3EA /* Main.storyboard */ = {
			isa = PBXVariantGroup;
			children = (
				FE1CF9781F0D2E87004EB3EA /* Base */,
			);
			name = Main.storyboard;
			sourceTree = "<group>";
		};
		FE1CF97C1F0D2E87004EB3EA /* LaunchScreen.storyboard */ = {
			isa = PBXVariantGroup;
			children = (
				FE1CF97D1F0D2E87004EB3EA /* Base */,
			);
			name = LaunchScreen.storyboard;
			sourceTree = "<group>";
		};
/* End PBXVariantGroup section */

/* Begin XCBuildConfiguration section */
		FE1CF9801F0D2E87004EB3EA /* Debug */ = {
			isa = XCBuildConfiguration;
			buildSettings = {
				ALWAYS_SEARCH_USER_PATHS = NO;
				CLANG_ANALYZER_NONNULL = YES;
				CLANG_ANALYZER_NUMBER_OBJECT_CONVERSION = YES_AGGRESSIVE;
				CLANG_CXX_LANGUAGE_STANDARD = "gnu++0x";
				CLANG_CXX_LIBRARY = "libc++";
				CLANG_ENABLE_MODULES = YES;
				CLANG_ENABLE_OBJC_ARC = YES;
				CLANG_WARN_BOOL_CONVERSION = YES;
				CLANG_WARN_CONSTANT_CONVERSION = YES;
				CLANG_WARN_DIRECT_OBJC_ISA_USAGE = YES_ERROR;
				CLANG_WARN_DOCUMENTATION_COMMENTS = YES;
				CLANG_WARN_EMPTY_BODY = YES;
				CLANG_WARN_ENUM_CONVERSION = YES;
				CLANG_WARN_INFINITE_RECURSION = YES;
				CLANG_WARN_INT_CONVERSION = YES;
				CLANG_WARN_OBJC_ROOT_CLASS = YES_ERROR;
				CLANG_WARN_SUSPICIOUS_MOVE = YES;
				CLANG_WARN_UNREACHABLE_CODE = YES;
				CLANG_WARN__DUPLICATE_METHOD_MATCH = YES;
				"CODE_SIGN_IDENTITY[sdk=iphoneos*]" = "iPhone Developer";
				COPY_PHASE_STRIP = NO;
				DEBUG_INFORMATION_FORMAT = dwarf;
				ENABLE_STRICT_OBJC_MSGSEND = YES;
				ENABLE_TESTABILITY = YES;
				GCC_C_LANGUAGE_STANDARD = gnu99;
				GCC_DYNAMIC_NO_PIC = NO;
				GCC_NO_COMMON_BLOCKS = YES;
				GCC_OPTIMIZATION_LEVEL = 0;
				GCC_PREPROCESSOR_DEFINITIONS = (
					"DEBUG=1",
					"$(inherited)",
				);
				GCC_WARN_64_TO_32_BIT_CONVERSION = YES;
				GCC_WARN_ABOUT_RETURN_TYPE = YES_ERROR;
				GCC_WARN_UNDECLARED_SELECTOR = YES;
				GCC_WARN_UNINITIALIZED_AUTOS = YES_AGGRESSIVE;
				GCC_WARN_UNUSED_FUNCTION = YES;
				GCC_WARN_UNUSED_VARIABLE = YES;
				IPHONEOS_DEPLOYMENT_TARGET = 10.3;
				MTL_ENABLE_DEBUG_INFO = YES;
				ONLY_ACTIVE_ARCH = YES;
				SDKROOT = iphoneos;
				SWIFT_ACTIVE_COMPILATION_CONDITIONS = DEBUG;
				SWIFT_OPTIMIZATION_LEVEL = "-Onone";
				TARGETED_DEVICE_FAMILY = "1,2";
			};
			name = Debug;
		};
		FE1CF9811F0D2E87004EB3EA /* Release */ = {
			isa = XCBuildConfiguration;
			buildSettings = {
				ALWAYS_SEARCH_USER_PATHS = NO;
				CLANG_ANALYZER_NONNULL = YES;
				CLANG_ANALYZER_NUMBER_OBJECT_CONVERSION = YES_AGGRESSIVE;
				CLANG_CXX_LANGUAGE_STANDARD = "gnu++0x";
				CLANG_CXX_LIBRARY = "libc++";
				CLANG_ENABLE_MODULES = YES;
				CLANG_ENABLE_OBJC_ARC = YES;
				CLANG_WARN_BOOL_CONVERSION = YES;
				CLANG_WARN_CONSTANT_CONVERSION = YES;
				CLANG_WARN_DIRECT_OBJC_ISA_USAGE = YES_ERROR;
				CLANG_WARN_DOCUMENTATION_COMMENTS = YES;
				CLANG_WARN_EMPTY_BODY = YES;
				CLANG_WARN_ENUM_CONVERSION = YES;
				CLANG_WARN_INFINITE_RECURSION = YES;
				CLANG_WARN_INT_CONVERSION = YES;
				CLANG_WARN_OBJC_ROOT_CLASS = YES_ERROR;
				CLANG_WARN_SUSPICIOUS_MOVE = YES;
				CLANG_WARN_UNREACHABLE_CODE = YES;
				CLANG_WARN__DUPLICATE_METHOD_MATCH = YES;
				"CODE_SIGN_IDENTITY[sdk=iphoneos*]" = "iPhone Developer";
				COPY_PHASE_STRIP = NO;
				DEBUG_INFORMATION_FORMAT = "dwarf-with-dsym";
				ENABLE_NS_ASSERTIONS = NO;
				ENABLE_STRICT_OBJC_MSGSEND = YES;
				GCC_C_LANGUAGE_STANDARD = gnu99;
				GCC_NO_COMMON_BLOCKS = YES;
				GCC_WARN_64_TO_32_BIT_CONVERSION = YES;
				GCC_WARN_ABOUT_RETURN_TYPE = YES_ERROR;
				GCC_WARN_UNDECLARED_SELECTOR = YES;
				GCC_WARN_UNINITIALIZED_AUTOS = YES_AGGRESSIVE;
				GCC_WARN_UNUSED_FUNCTION = YES;
				GCC_WARN_UNUSED_VARIABLE = YES;
				IPHONEOS_DEPLOYMENT_TARGET = 10.3;
				MTL_ENABLE_DEBUG_INFO = NO;
				SDKROOT = iphoneos;
				SWIFT_OPTIMIZATION_LEVEL = "-Owholemodule";
				TARGETED_DEVICE_FAMILY = "1,2";
				VALIDATE_PRODUCT = YES;
			};
			name = Release;
		};
		FE1CF9831F0D2E87004EB3EA /* Debug */ = {
			isa = XCBuildConfiguration;
			baseConfigurationReference = 4702086DCEFC0556179DE784 /* Pods-Gasol-EZ.debug.xcconfig */;
			buildSettings = {
				ASSETCATALOG_COMPILER_APPICON_NAME = AppIcon;
				DEVELOPMENT_TEAM = G2SFLJ6ER6;
				INFOPLIST_FILE = "Gasol-EZ/Info.plist";
				LD_RUNPATH_SEARCH_PATHS = "$(inherited) @executable_path/Frameworks";
				PRODUCT_BUNDLE_IDENTIFIER = "com.mattziminski.Gasol-EZ";
				PRODUCT_NAME = "$(TARGET_NAME)";
				SWIFT_VERSION = 3.0;
			};
			name = Debug;
		};
		FE1CF9841F0D2E87004EB3EA /* Release */ = {
			isa = XCBuildConfiguration;
			baseConfigurationReference = 89E7A00E806EB0FD37B5C554 /* Pods-Gasol-EZ.release.xcconfig */;
			buildSettings = {
				ASSETCATALOG_COMPILER_APPICON_NAME = AppIcon;
				DEVELOPMENT_TEAM = G2SFLJ6ER6;
				INFOPLIST_FILE = "Gasol-EZ/Info.plist";
				LD_RUNPATH_SEARCH_PATHS = "$(inherited) @executable_path/Frameworks";
				PRODUCT_BUNDLE_IDENTIFIER = "com.mattziminski.Gasol-EZ";
				PRODUCT_NAME = "$(TARGET_NAME)";
				SWIFT_VERSION = 3.0;
			};
			name = Release;
		};
/* End XCBuildConfiguration section */

/* Begin XCConfigurationList section */
		FE1CF96B1F0D2E87004EB3EA /* Build configuration list for PBXProject "Gasol-EZ" */ = {
			isa = XCConfigurationList;
			buildConfigurations = (
				FE1CF9801F0D2E87004EB3EA /* Debug */,
				FE1CF9811F0D2E87004EB3EA /* Release */,
			);
			defaultConfigurationIsVisible = 0;
			defaultConfigurationName = Release;
		};
		FE1CF9821F0D2E87004EB3EA /* Build configuration list for PBXNativeTarget "Gasol-EZ" */ = {
			isa = XCConfigurationList;
			buildConfigurations = (
				FE1CF9831F0D2E87004EB3EA /* Debug */,
				FE1CF9841F0D2E87004EB3EA /* Release */,
			);
			defaultConfigurationIsVisible = 0;
			defaultConfigurationName = Release;
		};
/* End XCConfigurationList section */
	};
	rootObject = FE1CF9681F0D2E87004EB3EA /* Project object */;
}
